
Microsoft Visual Studio Solution File, Format Version 12.00
# Visual Studio Version 17
VisualStudioVersion = 17.6.33723.286
MinimumVisualStudioVersion = 10.0.40219.1
Project("{FAE04EC0-301F-11D3-BF4B-00C04F79EFBC}") = "RayaTask", "RayaTask\RayaTask.csproj", "{B18E83EA-1855-4525-A92A-95008387009F}"
EndProject
Project("{FAE04EC0-301F-11D3-BF4B-00C04F79EFBC}") = "TaskContext", "TaskContext\TaskContext.csproj", "{8C6B8F2E-C920-4268-83F2-1A8B306530F2}"
EndProject
Project("{FAE04EC0-301F-11D3-BF4B-00C04F79EFBC}") = "Domain", "Domain\Domain.csproj", "{7ADD4B14-07B1-489F-A98E-6496C6E78B18}"
EndProject
Global
	GlobalSection(SolutionConfigurationPlatforms) = preSolution
		Debug|Any CPU = Debug|Any CPU
		Release|Any CPU = Release|Any CPU
	EndGlobalSection
	GlobalSection(ProjectConfigurationPlatforms) = postSolution
		{B18E83EA-1855-4525-A92A-95008387009F}.Debug|Any CPU.ActiveCfg = Debug|Any CPU
		{B18E83EA-1855-4525-A92A-95008387009F}.Debug|Any CPU.Build.0 = Debug|Any CPU
		{B18E83EA-1855-4525-A92A-95008387009F}.Release|Any CPU.ActiveCfg = Release|Any CPU
		{B18E83EA-1855-4525-A92A-95008387009F}.Release|Any CPU.Build.0 = Release|Any CPU
		{8C6B8F2E-C920-4268-83F2-1A8B306530F2}.Debug|Any CPU.ActiveCfg = Debug|Any CPU
		{8C6B8F2E-C920-4268-83F2-1A8B306530F2}.Debug|Any CPU.Build.0 = Debug|Any CPU
		{8C6B8F2E-C920-4268-83F2-1A8B306530F2}.Release|Any CPU.ActiveCfg = Release|Any CPU
		{8C6B8F2E-C920-4268-83F2-1A8B306530F2}.Release|Any CPU.Build.0 = Release|Any CPU
		{7ADD4B14-07B1-489F-A98E-6496C6E78B18}.Debug|Any CPU.ActiveCfg = Debug|Any CPU
		{7ADD4B14-07B1-489F-A98E-6496C6E78B18}.Debug|Any CPU.Build.0 = Debug|Any CPU
		{7ADD4B14-07B1-489F-A98E-6496C6E78B18}.Release|Any CPU.ActiveCfg = Release|Any CPU
		{7ADD4B14-07B1-489F-A98E-6496C6E78B18}.Release|Any CPU.Build.0 = Release|Any CPU
	EndGlobalSection
	GlobalSection(SolutionProperties) = preSolution
		HideSolutionNode = FALSE
	EndGlobalSection
	GlobalSection(ExtensibilityGlobals) = postSolution
		SolutionGuid = {33FF9167-65B8-4A1E-8EF3-D17949D83BFA}
	EndGlobalSection
EndGlobal
